
Microsoft Visual Studio Solution File, Format Version 12.00
# Visual Studio Version 16
VisualStudioVersion = 16.0.30804.86
MinimumVisualStudioVersion = 10.0.40219.1
Project("{FAE04EC0-301F-11D3-BF4B-00C04F79EFBC}") = "Readly", "Readly.csproj", "{33AA3FE1-2460-4E09-8F59-B4F3826D0858}"
EndProject
Global
	GlobalSection(SolutionConfigurationPlatforms) = preSolution
		Debug|Any CPU = Debug|Any CPU
		Release|Any CPU = Release|Any CPU
	EndGlobalSection
	GlobalSection(ProjectConfigurationPlatforms) = postSolution
		{33AA3FE1-2460-4E09-8F59-B4F3826D0858}.Debug|Any CPU.ActiveCfg = Debug|Any CPU
		{33AA3FE1-2460-4E09-8F59-B4F3826D0858}.Debug|Any CPU.Build.0 = Debug|Any CPU
		{33AA3FE1-2460-4E09-8F59-B4F3826D0858}.Release|Any CPU.ActiveCfg = Release|Any CPU
		{33AA3FE1-2460-4E09-8F59-B4F3826D0858}.Release|Any CPU.Build.0 = Release|Any CPU
	EndGlobalSection
	GlobalSection(SolutionProperties) = preSolution
		HideSolutionNode = FALSE
	EndGlobalSection
	GlobalSection(ExtensibilityGlobals) = postSolution
		SolutionGuid = {4E0057B5-453B-4AD8-BA29-F0F5C2EF6F57}
	EndGlobalSection
EndGlobal
